
Microsoft Visual Studio Solution File, Format Version 12.00
# Visual Studio 14
VisualStudioVersion = 14.0.25420.1
MinimumVisualStudioVersion = 10.0.40219.1
Project("{FAE04EC0-301F-11D3-BF4B-00C04F79EFBC}") = "OwinSelfHostSample", "OwinSelfHostSample\OwinSelfHostSample.csproj", "{B95EA66C-84FA-4491-AA57-23456B128CA9}"
EndProject
Project("{FAE04EC0-301F-11D3-BF4B-00C04F79EFBC}") = "UnitTestProject1", "UnitTestProject1\UnitTestProject1.csproj", "{B5AE955A-1480-4B6B-83C1-5EA860B6E74C}"
EndProject
Project("{FAE04EC0-301F-11D3-BF4B-00C04F79EFBC}") = "ScriptTest", "ScriptTest\ScriptTest.csproj", "{4657B6AF-994A-4AE5-851C-D5C71675B2E3}"
EndProject
Global
	GlobalSection(SolutionConfigurationPlatforms) = preSolution
		Debug|Any CPU = Debug|Any CPU
		Debug|x64 = Debug|x64
		Debug|x86 = Debug|x86
		Release|Any CPU = Release|Any CPU
		Release|x64 = Release|x64
		Release|x86 = Release|x86
	EndGlobalSection
	GlobalSection(ProjectConfigurationPlatforms) = postSolution
		{B95EA66C-84FA-4491-AA57-23456B128CA9}.Debug|Any CPU.ActiveCfg = Debug|Any CPU
		{B95EA66C-84FA-4491-AA57-23456B128CA9}.Debug|Any CPU.Build.0 = Debug|Any CPU
		{B95EA66C-84FA-4491-AA57-23456B128CA9}.Debug|x64.ActiveCfg = Debug|Any CPU
		{B95EA66C-84FA-4491-AA57-23456B128CA9}.Debug|x64.Build.0 = Debug|Any CPU
		{B95EA66C-84FA-4491-AA57-23456B128CA9}.Debug|x86.ActiveCfg = Debug|Any CPU
		{B95EA66C-84FA-4491-AA57-23456B128CA9}.Debug|x86.Build.0 = Debug|Any CPU
		{B95EA66C-84FA-4491-AA57-23456B128CA9}.Release|Any CPU.ActiveCfg = Release|Any CPU
		{B95EA66C-84FA-4491-AA57-23456B128CA9}.Release|Any CPU.Build.0 = Release|Any CPU
		{B95EA66C-84FA-4491-AA57-23456B128CA9}.Release|x64.ActiveCfg = Release|Any CPU
		{B95EA66C-84FA-4491-AA57-23456B128CA9}.Release|x64.Build.0 = Release|Any CPU
		{B95EA66C-84FA-4491-AA57-23456B128CA9}.Release|x86.ActiveCfg = Release|Any CPU
		{B95EA66C-84FA-4491-AA57-23456B128CA9}.Release|x86.Build.0 = Release|Any CPU
		{B5AE955A-1480-4B6B-83C1-5EA860B6E74C}.Debug|Any CPU.ActiveCfg = Debug|Any CPU
		{B5AE955A-1480-4B6B-83C1-5EA860B6E74C}.Debug|Any CPU.Build.0 = Debug|Any CPU
		{B5AE955A-1480-4B6B-83C1-5EA860B6E74C}.Debug|x64.ActiveCfg = Debug|Any CPU
		{B5AE955A-1480-4B6B-83C1-5EA860B6E74C}.Debug|x64.Build.0 = Debug|Any CPU
		{B5AE955A-1480-4B6B-83C1-5EA860B6E74C}.Debug|x86.ActiveCfg = Debug|Any CPU
		{B5AE955A-1480-4B6B-83C1-5EA860B6E74C}.Debug|x86.Build.0 = Debug|Any CPU
		{B5AE955A-1480-4B6B-83C1-5EA860B6E74C}.Release|Any CPU.ActiveCfg = Release|Any CPU
		{B5AE955A-1480-4B6B-83C1-5EA860B6E74C}.Release|Any CPU.Build.0 = Release|Any CPU
		{B5AE955A-1480-4B6B-83C1-5EA860B6E74C}.Release|x64.ActiveCfg = Release|Any CPU
		{B5AE955A-1480-4B6B-83C1-5EA860B6E74C}.Release|x64.Build.0 = Release|Any CPU
		{B5AE955A-1480-4B6B-83C1-5EA860B6E74C}.Release|x86.ActiveCfg = Release|Any CPU
		{B5AE955A-1480-4B6B-83C1-5EA860B6E74C}.Release|x86.Build.0 = Release|Any CPU
		{4657B6AF-994A-4AE5-851C-D5C71675B2E3}.Debug|Any CPU.ActiveCfg = Debug|Any CPU
		{4657B6AF-994A-4AE5-851C-D5C71675B2E3}.Debug|Any CPU.Build.0 = Debug|Any CPU
		{4657B6AF-994A-4AE5-851C-D5C71675B2E3}.Debug|x64.ActiveCfg = Debug|Any CPU
		{4657B6AF-994A-4AE5-851C-D5C71675B2E3}.Debug|x64.Build.0 = Debug|Any CPU
		{4657B6AF-994A-4AE5-851C-D5C71675B2E3}.Debug|x86.ActiveCfg = Debug|Any CPU
		{4657B6AF-994A-4AE5-851C-D5C71675B2E3}.Debug|x86.Build.0 = Debug|Any CPU
		{4657B6AF-994A-4AE5-851C-D5C71675B2E3}.Release|Any CPU.ActiveCfg = Release|Any CPU
		{4657B6AF-994A-4AE5-851C-D5C71675B2E3}.Release|Any CPU.Build.0 = Release|Any CPU
		{4657B6AF-994A-4AE5-851C-D5C71675B2E3}.Release|x64.ActiveCfg = Release|Any CPU
		{4657B6AF-994A-4AE5-851C-D5C71675B2E3}.Release|x64.Build.0 = Release|Any CPU
		{4657B6AF-994A-4AE5-851C-D5C71675B2E3}.Release|x86.ActiveCfg = Release|Any CPU
		{4657B6AF-994A-4AE5-851C-D5C71675B2E3}.Release|x86.Build.0 = Release|Any CPU
	EndGlobalSection
	GlobalSection(SolutionProperties) = preSolution
		HideSolutionNode = FALSE
	EndGlobalSection
EndGlobal
